
Microsoft Visual Studio Solution File, Format Version 12.00
# Visual Studio Version 17
VisualStudioVersion = 17.4.33403.182
MinimumVisualStudioVersion = 10.0.40219.1
Project("{FAE04EC0-301F-11D3-BF4B-00C04F79EFBC}") = "QHSE.Server", "Server\QHSE.Server.csproj", "{59625A42-8160-46A9-98F7-498F944FFD47}"
EndProject
Project("{FAE04EC0-301F-11D3-BF4B-00C04F79EFBC}") = "QHSE.Client", "Client\QHSE.Client.csproj", "{868B92A7-89F2-441B-8724-3AF0C267EF4C}"
EndProject
Project("{FAE04EC0-301F-11D3-BF4B-00C04F79EFBC}") = "QHSE.Shared", "Shared\QHSE.Shared.csproj", "{27237524-244C-4560-BC70-3A373E631AC3}"
EndProject
Global
	GlobalSection(SolutionConfigurationPlatforms) = preSolution
		Debug|Any CPU = Debug|Any CPU
		Release|Any CPU = Release|Any CPU
	EndGlobalSection
	GlobalSection(ProjectConfigurationPlatforms) = postSolution
		{59625A42-8160-46A9-98F7-498F944FFD47}.Debug|Any CPU.ActiveCfg = Debug|Any CPU
		{59625A42-8160-46A9-98F7-498F944FFD47}.Debug|Any CPU.Build.0 = Debug|Any CPU
		{59625A42-8160-46A9-98F7-498F944FFD47}.Release|Any CPU.ActiveCfg = Release|Any CPU
		{59625A42-8160-46A9-98F7-498F944FFD47}.Release|Any CPU.Build.0 = Release|Any CPU
		{868B92A7-89F2-441B-8724-3AF0C267EF4C}.Debug|Any CPU.ActiveCfg = Debug|Any CPU
		{868B92A7-89F2-441B-8724-3AF0C267EF4C}.Debug|Any CPU.Build.0 = Debug|Any CPU
		{868B92A7-89F2-441B-8724-3AF0C267EF4C}.Release|Any CPU.ActiveCfg = Release|Any CPU
		{868B92A7-89F2-441B-8724-3AF0C267EF4C}.Release|Any CPU.Build.0 = Release|Any CPU
		{27237524-244C-4560-BC70-3A373E631AC3}.Debug|Any CPU.ActiveCfg = Debug|Any CPU
		{27237524-244C-4560-BC70-3A373E631AC3}.Debug|Any CPU.Build.0 = Debug|Any CPU
		{27237524-244C-4560-BC70-3A373E631AC3}.Release|Any CPU.ActiveCfg = Release|Any CPU
		{27237524-244C-4560-BC70-3A373E631AC3}.Release|Any CPU.Build.0 = Release|Any CPU
	EndGlobalSection
	GlobalSection(SolutionProperties) = preSolution
		HideSolutionNode = FALSE
	EndGlobalSection
	GlobalSection(ExtensibilityGlobals) = postSolution
		SolutionGuid = {ED15BED2-F434-4BDA-9FCC-35601EAA2053}
	EndGlobalSection
EndGlobal
